
Microsoft Visual Studio Solution File, Format Version 12.00
# Visual Studio Version 17
VisualStudioVersion = 17.14.36414.22 d17.14
MinimumVisualStudioVersion = 10.0.40219.1
Project("{FAE04EC0-301F-11D3-BF4B-00C04F79EFBC}") = "myfirstproject", "myfirstproject.csproj", "{02704DF0-31B1-49C1-B6BE-C0E8C6BA1393}"
EndProject
Global
	GlobalSection(SolutionConfigurationPlatforms) = preSolution
		Debug|Any CPU = Debug|Any CPU
		Release|Any CPU = Release|Any CPU
	EndGlobalSection
	GlobalSection(ProjectConfigurationPlatforms) = postSolution
		{02704DF0-31B1-49C1-B6BE-C0E8C6BA1393}.Debug|Any CPU.ActiveCfg = Debug|Any CPU
		{02704DF0-31B1-49C1-B6BE-C0E8C6BA1393}.Debug|Any CPU.Build.0 = Debug|Any CPU
		{02704DF0-31B1-49C1-B6BE-C0E8C6BA1393}.Release|Any CPU.ActiveCfg = Release|Any CPU
		{02704DF0-31B1-49C1-B6BE-C0E8C6BA1393}.Release|Any CPU.Build.0 = Release|Any CPU
	EndGlobalSection
	GlobalSection(SolutionProperties) = preSolution
		HideSolutionNode = FALSE
	EndGlobalSection
	GlobalSection(ExtensibilityGlobals) = postSolution
		SolutionGuid = {57C68D68-B090-4345-985E-53E43D200C6E}
	EndGlobalSection
EndGlobal
